// !$*UTF8*$!
{
	archiveVersion = 1;
	classes = {
	};
	objectVersion = 50;
	objects = {

/* Begin PBXBuildFile section */
		686205F3235185C2008DDD19 /* AppDelegate.swift in Sources */ = {isa = PBXBuildFile; fileRef = 686205F2235185C2008DDD19 /* AppDelegate.swift */; };
		686205F5235185C2008DDD19 /* SceneDelegate.swift in Sources */ = {isa = PBXBuildFile; fileRef = 686205F4235185C2008DDD19 /* SceneDelegate.swift */; };
		686205F7235185C2008DDD19 /* ViewController.swift in Sources */ = {isa = PBXBuildFile; fileRef = 686205F6235185C2008DDD19 /* ViewController.swift */; };
		686205FA235185C2008DDD19 /* Main.storyboard in Resources */ = {isa = PBXBuildFile; fileRef = 686205F8235185C2008DDD19 /* Main.storyboard */; };
		686205FC235185C4008DDD19 /* Assets.xcassets in Resources */ = {isa = PBXBuildFile; fileRef = 686205FB235185C4008DDD19 /* Assets.xcassets */; };
		686205FF235185C4008DDD19 /* LaunchScreen.storyboard in Resources */ = {isa = PBXBuildFile; fileRef = 686205FD235185C4008DDD19 /* LaunchScreen.storyboard */; };
		68620607235187C9008DDD19 /* Capital.swift in Sources */ = {isa = PBXBuildFile; fileRef = 68620606235187C9008DDD19 /* Capital.swift */; };
		6862060923519013008DDD19 /* WikiViewController.swift in Sources */ = {isa = PBXBuildFile; fileRef = 6862060823519013008DDD19 /* WikiViewController.swift */; };
/* End PBXBuildFile section */

/* Begin PBXFileReference section */
		686205EF235185C2008DDD19 /* MapKitCapitalCities.app */ = {isa = PBXFileReference; explicitFileType = wrapper.application; includeInIndex = 0; path = MapKitCapitalCities.app; sourceTree = BUILT_PRODUCTS_DIR; };
		686205F2235185C2008DDD19 /* AppDelegate.swift */ = {isa = PBXFileReference; lastKnownFileType = sourcecode.swift; path = AppDelegate.swift; sourceTree = "<group>"; };
		686205F4235185C2008DDD19 /* SceneDelegate.swift */ = {isa = PBXFileReference; lastKnownFileType = sourcecode.swift; path = SceneDelegate.swift; sourceTree = "<group>"; };
		686205F6235185C2008DDD19 /* ViewController.swift */ = {isa = PBXFileReference; lastKnownFileType = sourcecode.swift; path = ViewController.swift; sourceTree = "<group>"; };
		686205F9235185C2008DDD19 /* Base */ = {isa = PBXFileReference; lastKnownFileType = file.storyboard; name = Base; path = Base.lproj/Main.storyboard; sourceTree = "<group>"; };
		686205FB235185C4008DDD19 /* Assets.xcassets */ = {isa = PBXFileReference; lastKnownFileType = folder.assetcatalog; path = Assets.xcassets; sourceTree = "<group>"; };
		686205FE235185C4008DDD19 /* Base */ = {isa = PBXFileReference; lastKnownFileType = file.storyboard; name = Base; path = Base.lproj/LaunchScreen.storyboard; sourceTree = "<group>"; };
		68620600235185C4008DDD19 /* Info.plist */ = {isa = PBXFileReference; lastKnownFileType = text.plist.xml; path = Info.plist; sourceTree = "<group>"; };
		68620606235187C9008DDD19 /* Capital.swift */ = {isa = PBXFileReference; lastKnownFileType = sourcecode.swift; path = Capital.swift; sourceTree = "<group>"; };
		6862060823519013008DDD19 /* WikiViewController.swift */ = {isa = PBXFileReference; lastKnownFileType = sourcecode.swift; path = WikiViewController.swift; sourceTree = "<group>"; };
/* End PBXFileReference section */

/* Begin PBXFrameworksBuildPhase section */
		686205EC235185C2008DDD19 /* Frameworks */ = {
			isa = PBXFrameworksBuildPhase;
			buildActionMask = 2147483647;
			files = (
			);
			runOnlyForDeploymentPostprocessing = 0;
		};
/* End PBXFrameworksBuildPhase section */

/* Begin PBXGroup section */
		686205E6235185C2008DDD19 = {
			isa = PBXGroup;
			children = (
				686205F1235185C2008DDD19 /* MapKitCapitalCities */,
				686205F0235185C2008DDD19 /* Products */,
			);
			sourceTree = "<group>";
		};
		686205F0235185C2008DDD19 /* Products */ = {
			isa = PBXGroup;
			children = (
				686205EF235185C2008DDD19 /* MapKitCapitalCities.app */,
			);
			name = Products;
			sourceTree = "<group>";
		};
		686205F1235185C2008DDD19 /* MapKitCapitalCities */ = {
			isa = PBXGroup;
			children = (
				686205F2235185C2008DDD19 /* AppDelegate.swift */,
				686205F4235185C2008DDD19 /* SceneDelegate.swift */,
				686205F6235185C2008DDD19 /* ViewController.swift */,
				686205F8235185C2008DDD19 /* Main.storyboard */,
				68620606235187C9008DDD19 /* Capital.swift */,
				686205FB235185C4008DDD19 /* Assets.xcassets */,
				686205FD235185C4008DDD19 /* LaunchScreen.storyboard */,
				68620600235185C4008DDD19 /* Info.plist */,
				6862060823519013008DDD19 /* WikiViewController.swift */,
			);
			path = MapKitCapitalCities;
			sourceTree = "<group>";
		};
/* End PBXGroup section */

/* Begin PBXNativeTarget section */
		686205EE235185C2008DDD19 /* MapKitCapitalCities */ = {
			isa = PBXNativeTarget;
			buildConfigurationList = 68620603235185C4008DDD19 /* Build configuration list for PBXNativeTarget "MapKitCapitalCities" */;
			buildPhases = (
				686205EB235185C2008DDD19 /* Sources */,
				686205EC235185C2008DDD19 /* Frameworks */,
				686205ED235185C2008DDD19 /* Resources */,
			);
			buildRules = (
			);
			dependencies = (
			);
			name = MapKitCapitalCities;
			productName = MapKitCapitalCities;
			productReference = 686205EF235185C2008DDD19 /* MapKitCapitalCities.app */;
			productType = "com.apple.product-type.application";
		};
/* End PBXNativeTarget section */

/* Begin PBXProject section */
		686205E7235185C2008DDD19 /* Project object */ = {
			isa = PBXProject;
			attributes = {
				LastSwiftUpdateCheck = 1110;
				LastUpgradeCheck = 1110;
				ORGANIZATIONNAME = "Neas Lease";
				TargetAttributes = {
					686205EE235185C2008DDD19 = {
						CreatedOnToolsVersion = 11.1;
					};
				};
			};
			buildConfigurationList = 686205EA235185C2008DDD19 /* Build configuration list for PBXProject "MapKitCapitalCities" */;
			compatibilityVersion = "Xcode 9.3";
			developmentRegion = en;
			hasScannedForEncodings = 0;
			knownRegions = (
				en,
				Base,
			);
			mainGroup = 686205E6235185C2008DDD19;
			productRefGroup = 686205F0235185C2008DDD19 /* Products */;
			projectDirPath = "";
			projectRoot = "";
			targets = (
				686205EE235185C2008DDD19 /* MapKitCapitalCities */,
			);
		};
/* End PBXProject section */

/* Begin PBXResourcesBuildPhase section */
		686205ED235185C2008DDD19 /* Resources */ = {
			isa = PBXResourcesBuildPhase;
			buildActionMask = 2147483647;
			files = (
				686205FF235185C4008DDD19 /* LaunchScreen.storyboard in Resources */,
				686205FC235185C4008DDD19 /* Assets.xcassets in Resources */,
				686205FA235185C2008DDD19 /* Main.storyboard in Resources */,
			);
			runOnlyForDeploymentPostprocessing = 0;
		};
/* End PBXResourcesBuildPhase section */

/* Begin PBXSourcesBuildPhase section */
		686205EB235185C2008DDD19 /* Sources */ = {
			isa = PBXSourcesBuildPhase;
			buildActionMask = 2147483647;
			files = (
				686205F7235185C2008DDD19 /* ViewController.swift in Sources */,
				686205F3235185C2008DDD19 /* AppDelegate.swift in Sources */,
				68620607235187C9008DDD19 /* Capital.swift in Sources */,
				6862060923519013008DDD19 /* WikiViewController.swift in Sources */,
				686205F5235185C2008DDD19 /* SceneDelegate.swift in Sources */,
			);
			runOnlyForDeploymentPostprocessing = 0;
		};
/* End PBXSourcesBuildPhase section */

/* Begin PBXVariantGroup section */
		686205F8235185C2008DDD19 /* Main.storyboard */ = {
			isa = PBXVariantGroup;
			children = (
				686205F9235185C2008DDD19 /* Base */,
			);
			name = Main.storyboard;
			sourceTree = "<group>";
		};
		686205FD235185C4008DDD19 /* LaunchScreen.storyboard */ = {
			isa = PBXVariantGroup;
			children = (
				686205FE235185C4008DDD19 /* Base */,
			);
			name = LaunchScreen.storyboard;
			sourceTree = "<group>";
		};
/* End PBXVariantGroup section */

/* Begin XCBuildConfiguration section */
		68620601235185C4008DDD19 /* Debug */ = {
			isa = XCBuildConfiguration;
			buildSettings = {
				ALWAYS_SEARCH_USER_PATHS = NO;
				CLANG_ANALYZER_NONNULL = YES;
				CLANG_ANALYZER_NUMBER_OBJECT_CONVERSION = YES_AGGRESSIVE;
				CLANG_CXX_LANGUAGE_STANDARD = "gnu++14";
				CLANG_CXX_LIBRARY = "libc++";
				CLANG_ENABLE_MODULES = YES;
				CLANG_ENABLE_OBJC_ARC = YES;
				CLANG_ENABLE_OBJC_WEAK = YES;
				CLANG_WARN_BLOCK_CAPTURE_AUTORELEASING = YES;
				CLANG_WARN_BOOL_CONVERSION = YES;
				CLANG_WARN_COMMA = YES;
				CLANG_WARN_CONSTANT_CONVERSION = YES;
				CLANG_WARN_DEPRECATED_OBJC_IMPLEMENTATIONS = YES;
				CLANG_WARN_DIRECT_OBJC_ISA_USAGE = YES_ERROR;
				CLANG_WARN_DOCUMENTATION_COMMENTS = YES;
				CLANG_WARN_EMPTY_BODY = YES;
				CLANG_WARN_ENUM_CONVERSION = YES;
				CLANG_WARN_INFINITE_RECURSION = YES;
				CLANG_WARN_INT_CONVERSION = YES;
				CLANG_WARN_NON_LITERAL_NULL_CONVERSION = YES;
				CLANG_WARN_OBJC_IMPLICIT_RETAIN_SELF = YES;
				CLANG_WARN_OBJC_LITERAL_CONVERSION = YES;
				CLANG_WARN_OBJC_ROOT_CLASS = YES_ERROR;
				CLANG_WARN_RANGE_LOOP_ANALYSIS = YES;
				CLANG_WARN_STRICT_PROTOTYPES = YES;
				CLANG_WARN_SUSPICIOUS_MOVE = YES;
				CLANG_WARN_UNGUARDED_AVAILABILITY = YES_AGGRESSIVE;
				CLANG_WARN_UNREACHABLE_CODE = YES;
				CLANG_WARN__DUPLICATE_METHOD_MATCH = YES;
				COPY_PHASE_STRIP = NO;
				DEBUG_INFORMATION_FORMAT = dwarf;
				ENABLE_STRICT_OBJC_MSGSEND = YES;
				ENABLE_TESTABILITY = YES;
				GCC_C_LANGUAGE_STANDARD = gnu11;
				GCC_DYNAMIC_NO_PIC = NO;
				GCC_NO_COMMON_BLOCKS = YES;
				GCC_OPTIMIZATION_LEVEL = 0;
				GCC_PREPROCESSOR_DEFINITIONS = (
					"DEBUG=1",
					"$(inherited)",
				);
				GCC_WARN_64_TO_32_BIT_CONVERSION = YES;
				GCC_WARN_ABOUT_RETURN_TYPE = YES_ERROR;
				GCC_WARN_UNDECLARED_SELECTOR = YES;
				GCC_WARN_UNINITIALIZED_AUTOS = YES_AGGRESSIVE;
				GCC_WARN_UNUSED_FUNCTION = YES;
				GCC_WARN_UNUSED_VARIABLE = YES;
				IPHONEOS_DEPLOYMENT_TARGET = 13.1;
				MTL_ENABLE_DEBUG_INFO = INCLUDE_SOURCE;
				MTL_FAST_MATH = YES;
				ONLY_ACTIVE_ARCH = YES;
				SDKROOT = iphoneos;
				SWIFT_ACTIVE_COMPILATION_CONDITIONS = DEBUG;
				SWIFT_OPTIMIZATION_LEVEL = "-Onone";
			};
			name = Debug;
		};
		68620602235185C4008DDD19 /* Release */ = {
			isa = XCBuildConfiguration;
			buildSettings = {
				ALWAYS_SEARCH_USER_PATHS = NO;
				CLANG_ANALYZER_NONNULL = YES;
				CLANG_ANALYZER_NUMBER_OBJECT_CONVERSION = YES_AGGRESSIVE;
				CLANG_CXX_LANGUAGE_STANDARD = "gnu++14";
				CLANG_CXX_LIBRARY = "libc++";
				CLANG_ENABLE_MODULES = YES;
				CLANG_ENABLE_OBJC_ARC = YES;
				CLANG_ENABLE_OBJC_WEAK = YES;
				CLANG_WARN_BLOCK_CAPTURE_AUTORELEASING = YES;
				CLANG_WARN_BOOL_CONVERSION = YES;
				CLANG_WARN_COMMA = YES;
				CLANG_WARN_CONSTANT_CONVERSION = YES;
				CLANG_WARN_DEPRECATED_OBJC_IMPLEMENTATIONS = YES;
				CLANG_WARN_DIRECT_OBJC_ISA_USAGE = YES_ERROR;
				CLANG_WARN_DOCUMENTATION_COMMENTS = YES;
				CLANG_WARN_EMPTY_BODY = YES;
				CLANG_WARN_ENUM_CONVERSION = YES;
				CLANG_WARN_INFINITE_RECURSION = YES;
				CLANG_WARN_INT_CONVERSION = YES;
				CLANG_WARN_NON_LITERAL_NULL_CONVERSION = YES;
				CLANG_WARN_OBJC_IMPLICIT_RETAIN_SELF = YES;
				CLANG_WARN_OBJC_LITERAL_CONVERSION = YES;
				CLANG_WARN_OBJC_ROOT_CLASS = YES_ERROR;
				CLANG_WARN_RANGE_LOOP_ANALYSIS = YES;
				CLANG_WARN_STRICT_PROTOTYPES = YES;
				CLANG_WARN_SUSPICIOUS_MOVE = YES;
				CLANG_WARN_UNGUARDED_AVAILABILITY = YES_AGGRESSIVE;
				CLANG_WARN_UNREACHABLE_CODE = YES;
				CLANG_WARN__DUPLICATE_METHOD_MATCH = YES;
				COPY_PHASE_STRIP = NO;
				DEBUG_INFORMATION_FORMAT = "dwarf-with-dsym";
				ENABLE_NS_ASSERTIONS = NO;
				ENABLE_STRICT_OBJC_MSGSEND = YES;
				GCC_C_LANGUAGE_STANDARD = gnu11;
				GCC_NO_COMMON_BLOCKS = YES;
				GCC_WARN_64_TO_32_BIT_CONVERSION = YES;
				GCC_WARN_ABOUT_RETURN_TYPE = YES_ERROR;
				GCC_WARN_UNDECLARED_SELECTOR = YES;
				GCC_WARN_UNINITIALIZED_AUTOS = YES_AGGRESSIVE;
				GCC_WARN_UNUSED_FUNCTION = YES;
				GCC_WARN_UNUSED_VARIABLE = YES;
				IPHONEOS_DEPLOYMENT_TARGET = 13.1;
				MTL_ENABLE_DEBUG_INFO = NO;
				MTL_FAST_MATH = YES;
				SDKROOT = iphoneos;
				SWIFT_COMPILATION_MODE = wholemodule;
				SWIFT_OPTIMIZATION_LEVEL = "-O";
				VALIDATE_PRODUCT = YES;
			};
			name = Release;
		};
		68620604235185C4008DDD19 /* Debug */ = {
			isa = XCBuildConfiguration;
			buildSettings = {
				ASSETCATALOG_COMPILER_APPICON_NAME = AppIcon;
				CODE_SIGN_STYLE = Automatic;
				DEVELOPMENT_TEAM = 6G246VB5CG;
				INFOPLIST_FILE = MapKitCapitalCities/Info.plist;
				LD_RUNPATH_SEARCH_PATHS = (
					"$(inherited)",
					"@executable_path/Frameworks",
				);
				PRODUCT_BUNDLE_IDENTIFIER = neas.lease.MapKitCapitalCities;
				PRODUCT_NAME = "$(TARGET_NAME)";
				SWIFT_VERSION = 5.0;
				TARGETED_DEVICE_FAMILY = "1,2";
			};
			name = Debug;
		};
		68620605235185C4008DDD19 /* Release */ = {
			isa = XCBuildConfiguration;
			buildSettings = {
				ASSETCATALOG_COMPILER_APPICON_NAME = AppIcon;
				CODE_SIGN_STYLE = Automatic;
				DEVELOPMENT_TEAM = 6G246VB5CG;
				INFOPLIST_FILE = MapKitCapitalCities/Info.plist;
				LD_RUNPATH_SEARCH_PATHS = (
					"$(inherited)",
					"@executable_path/Frameworks",
				);
				PRODUCT_BUNDLE_IDENTIFIER = neas.lease.MapKitCapitalCities;
				PRODUCT_NAME = "$(TARGET_NAME)";
				SWIFT_VERSION = 5.0;
				TARGETED_DEVICE_FAMILY = "1,2";
			};
			name = Release;
		};
/* End XCBuildConfiguration section */

/* Begin XCConfigurationList section */
		686205EA235185C2008DDD19 /* Build configuration list for PBXProject "MapKitCapitalCities" */ = {
			isa = XCConfigurationList;
			buildConfigurations = (
				68620601235185C4008DDD19 /* Debug */,
				68620602235185C4008DDD19 /* Release */,
			);
			defaultConfigurationIsVisible = 0;
			defaultConfigurationName = Release;
		};
		68620603235185C4008DDD19 /* Build configuration list for PBXNativeTarget "MapKitCapitalCities" */ = {
			isa = XCConfigurationList;
			buildConfigurations = (
				68620604235185C4008DDD19 /* Debug */,
				68620605235185C4008DDD19 /* Release */,
			);
			defaultConfigurationIsVisible = 0;
			defaultConfigurationName = Release;
		};
/* End XCConfigurationList section */
	};
	rootObject = 686205E7235185C2008DDD19 /* Project object */;
}
