// !$*UTF8*$!
{
	archiveVersion = 1;
	classes = {
	};
	objectVersion = 50;
	objects = {

/* Begin PBXBuildFile section */
		681F3B8B23F856AC00C058E5 /* AppDelegate.swift in Sources */ = {isa = PBXBuildFile; fileRef = 681F3B8A23F856AC00C058E5 /* AppDelegate.swift */; };
		681F3B8D23F856AC00C058E5 /* SceneDelegate.swift in Sources */ = {isa = PBXBuildFile; fileRef = 681F3B8C23F856AC00C058E5 /* SceneDelegate.swift */; };
		681F3B8F23F856AC00C058E5 /* ContentView.swift in Sources */ = {isa = PBXBuildFile; fileRef = 681F3B8E23F856AC00C058E5 /* ContentView.swift */; };
		681F3B9123F856AD00C058E5 /* Assets.xcassets in Resources */ = {isa = PBXBuildFile; fileRef = 681F3B9023F856AD00C058E5 /* Assets.xcassets */; };
		681F3B9423F856AD00C058E5 /* Preview Assets.xcassets in Resources */ = {isa = PBXBuildFile; fileRef = 681F3B9323F856AD00C058E5 /* Preview Assets.xcassets */; };
		681F3B9723F856AD00C058E5 /* LaunchScreen.storyboard in Resources */ = {isa = PBXBuildFile; fileRef = 681F3B9523F856AD00C058E5 /* LaunchScreen.storyboard */; };
		681F3B9F23F85DC900C058E5 /* CoreImageWork.swift in Sources */ = {isa = PBXBuildFile; fileRef = 681F3B9E23F85DC900C058E5 /* CoreImageWork.swift */; };
		681F3BA123F85ED400C058E5 /* ImagePicker.swift in Sources */ = {isa = PBXBuildFile; fileRef = 681F3BA023F85ED400C058E5 /* ImagePicker.swift */; };
		681F3BA323F8651B00C058E5 /* SaveImageExample.swift in Sources */ = {isa = PBXBuildFile; fileRef = 681F3BA223F8651B00C058E5 /* SaveImageExample.swift */; };
/* End PBXBuildFile section */

/* Begin PBXFileReference section */
		681F3B8723F856AC00C058E5 /* InstaFilterSwiftUI.app */ = {isa = PBXFileReference; explicitFileType = wrapper.application; includeInIndex = 0; path = InstaFilterSwiftUI.app; sourceTree = BUILT_PRODUCTS_DIR; };
		681F3B8A23F856AC00C058E5 /* AppDelegate.swift */ = {isa = PBXFileReference; lastKnownFileType = sourcecode.swift; path = AppDelegate.swift; sourceTree = "<group>"; };
		681F3B8C23F856AC00C058E5 /* SceneDelegate.swift */ = {isa = PBXFileReference; lastKnownFileType = sourcecode.swift; path = SceneDelegate.swift; sourceTree = "<group>"; };
		681F3B8E23F856AC00C058E5 /* ContentView.swift */ = {isa = PBXFileReference; lastKnownFileType = sourcecode.swift; path = ContentView.swift; sourceTree = "<group>"; };
		681F3B9023F856AD00C058E5 /* Assets.xcassets */ = {isa = PBXFileReference; lastKnownFileType = folder.assetcatalog; path = Assets.xcassets; sourceTree = "<group>"; };
		681F3B9323F856AD00C058E5 /* Preview Assets.xcassets */ = {isa = PBXFileReference; lastKnownFileType = folder.assetcatalog; path = "Preview Assets.xcassets"; sourceTree = "<group>"; };
		681F3B9623F856AD00C058E5 /* Base */ = {isa = PBXFileReference; lastKnownFileType = file.storyboard; name = Base; path = Base.lproj/LaunchScreen.storyboard; sourceTree = "<group>"; };
		681F3B9823F856AD00C058E5 /* Info.plist */ = {isa = PBXFileReference; lastKnownFileType = text.plist.xml; path = Info.plist; sourceTree = "<group>"; };
		681F3B9E23F85DC900C058E5 /* CoreImageWork.swift */ = {isa = PBXFileReference; lastKnownFileType = sourcecode.swift; path = CoreImageWork.swift; sourceTree = "<group>"; };
		681F3BA023F85ED400C058E5 /* ImagePicker.swift */ = {isa = PBXFileReference; lastKnownFileType = sourcecode.swift; path = ImagePicker.swift; sourceTree = "<group>"; };
		681F3BA223F8651B00C058E5 /* SaveImageExample.swift */ = {isa = PBXFileReference; lastKnownFileType = sourcecode.swift; path = SaveImageExample.swift; sourceTree = "<group>"; };
/* End PBXFileReference section */

/* Begin PBXFrameworksBuildPhase section */
		681F3B8423F856AC00C058E5 /* Frameworks */ = {
			isa = PBXFrameworksBuildPhase;
			buildActionMask = 2147483647;
			files = (
			);
			runOnlyForDeploymentPostprocessing = 0;
		};
/* End PBXFrameworksBuildPhase section */

/* Begin PBXGroup section */
		681F3B7E23F856AC00C058E5 = {
			isa = PBXGroup;
			children = (
				681F3B8923F856AC00C058E5 /* InstaFilterSwiftUI */,
				681F3B8823F856AC00C058E5 /* Products */,
			);
			sourceTree = "<group>";
		};
		681F3B8823F856AC00C058E5 /* Products */ = {
			isa = PBXGroup;
			children = (
				681F3B8723F856AC00C058E5 /* InstaFilterSwiftUI.app */,
			);
			name = Products;
			sourceTree = "<group>";
		};
		681F3B8923F856AC00C058E5 /* InstaFilterSwiftUI */ = {
			isa = PBXGroup;
			children = (
				681F3B8A23F856AC00C058E5 /* AppDelegate.swift */,
				681F3B8C23F856AC00C058E5 /* SceneDelegate.swift */,
				681F3B9E23F85DC900C058E5 /* CoreImageWork.swift */,
				681F3B8E23F856AC00C058E5 /* ContentView.swift */,
				681F3BA023F85ED400C058E5 /* ImagePicker.swift */,
				681F3BA223F8651B00C058E5 /* SaveImageExample.swift */,
				681F3B9023F856AD00C058E5 /* Assets.xcassets */,
				681F3B9523F856AD00C058E5 /* LaunchScreen.storyboard */,
				681F3B9823F856AD00C058E5 /* Info.plist */,
				681F3B9223F856AD00C058E5 /* Preview Content */,
			);
			path = InstaFilterSwiftUI;
			sourceTree = "<group>";
		};
		681F3B9223F856AD00C058E5 /* Preview Content */ = {
			isa = PBXGroup;
			children = (
				681F3B9323F856AD00C058E5 /* Preview Assets.xcassets */,
			);
			path = "Preview Content";
			sourceTree = "<group>";
		};
/* End PBXGroup section */

/* Begin PBXNativeTarget section */
		681F3B8623F856AC00C058E5 /* InstaFilterSwiftUI */ = {
			isa = PBXNativeTarget;
			buildConfigurationList = 681F3B9B23F856AD00C058E5 /* Build configuration list for PBXNativeTarget "InstaFilterSwiftUI" */;
			buildPhases = (
				681F3B8323F856AC00C058E5 /* Sources */,
				681F3B8423F856AC00C058E5 /* Frameworks */,
				681F3B8523F856AC00C058E5 /* Resources */,
			);
			buildRules = (
			);
			dependencies = (
			);
			name = InstaFilterSwiftUI;
			productName = InstaFilterSwiftUI;
			productReference = 681F3B8723F856AC00C058E5 /* InstaFilterSwiftUI.app */;
			productType = "com.apple.product-type.application";
		};
/* End PBXNativeTarget section */

/* Begin PBXProject section */
		681F3B7F23F856AC00C058E5 /* Project object */ = {
			isa = PBXProject;
			attributes = {
				LastSwiftUpdateCheck = 1130;
				LastUpgradeCheck = 1130;
				ORGANIZATIONNAME = "Neas Lease";
				TargetAttributes = {
					681F3B8623F856AC00C058E5 = {
						CreatedOnToolsVersion = 11.3.1;
					};
				};
			};
			buildConfigurationList = 681F3B8223F856AC00C058E5 /* Build configuration list for PBXProject "InstaFilterSwiftUI" */;
			compatibilityVersion = "Xcode 9.3";
			developmentRegion = en;
			hasScannedForEncodings = 0;
			knownRegions = (
				en,
				Base,
			);
			mainGroup = 681F3B7E23F856AC00C058E5;
			productRefGroup = 681F3B8823F856AC00C058E5 /* Products */;
			projectDirPath = "";
			projectRoot = "";
			targets = (
				681F3B8623F856AC00C058E5 /* InstaFilterSwiftUI */,
			);
		};
/* End PBXProject section */

/* Begin PBXResourcesBuildPhase section */
		681F3B8523F856AC00C058E5 /* Resources */ = {
			isa = PBXResourcesBuildPhase;
			buildActionMask = 2147483647;
			files = (
				681F3B9723F856AD00C058E5 /* LaunchScreen.storyboard in Resources */,
				681F3B9423F856AD00C058E5 /* Preview Assets.xcassets in Resources */,
				681F3B9123F856AD00C058E5 /* Assets.xcassets in Resources */,
			);
			runOnlyForDeploymentPostprocessing = 0;
		};
/* End PBXResourcesBuildPhase section */

/* Begin PBXSourcesBuildPhase section */
		681F3B8323F856AC00C058E5 /* Sources */ = {
			isa = PBXSourcesBuildPhase;
			buildActionMask = 2147483647;
			files = (
				681F3B8B23F856AC00C058E5 /* AppDelegate.swift in Sources */,
				681F3B9F23F85DC900C058E5 /* CoreImageWork.swift in Sources */,
				681F3BA123F85ED400C058E5 /* ImagePicker.swift in Sources */,
				681F3BA323F8651B00C058E5 /* SaveImageExample.swift in Sources */,
				681F3B8D23F856AC00C058E5 /* SceneDelegate.swift in Sources */,
				681F3B8F23F856AC00C058E5 /* ContentView.swift in Sources */,
			);
			runOnlyForDeploymentPostprocessing = 0;
		};
/* End PBXSourcesBuildPhase section */

/* Begin PBXVariantGroup section */
		681F3B9523F856AD00C058E5 /* LaunchScreen.storyboard */ = {
			isa = PBXVariantGroup;
			children = (
				681F3B9623F856AD00C058E5 /* Base */,
			);
			name = LaunchScreen.storyboard;
			sourceTree = "<group>";
		};
/* End PBXVariantGroup section */

/* Begin XCBuildConfiguration section */
		681F3B9923F856AD00C058E5 /* Debug */ = {
			isa = XCBuildConfiguration;
			buildSettings = {
				ALWAYS_SEARCH_USER_PATHS = NO;
				CLANG_ANALYZER_NONNULL = YES;
				CLANG_ANALYZER_NUMBER_OBJECT_CONVERSION = YES_AGGRESSIVE;
				CLANG_CXX_LANGUAGE_STANDARD = "gnu++14";
				CLANG_CXX_LIBRARY = "libc++";
				CLANG_ENABLE_MODULES = YES;
				CLANG_ENABLE_OBJC_ARC = YES;
				CLANG_ENABLE_OBJC_WEAK = YES;
				CLANG_WARN_BLOCK_CAPTURE_AUTORELEASING = YES;
				CLANG_WARN_BOOL_CONVERSION = YES;
				CLANG_WARN_COMMA = YES;
				CLANG_WARN_CONSTANT_CONVERSION = YES;
				CLANG_WARN_DEPRECATED_OBJC_IMPLEMENTATIONS = YES;
				CLANG_WARN_DIRECT_OBJC_ISA_USAGE = YES_ERROR;
				CLANG_WARN_DOCUMENTATION_COMMENTS = YES;
				CLANG_WARN_EMPTY_BODY = YES;
				CLANG_WARN_ENUM_CONVERSION = YES;
				CLANG_WARN_INFINITE_RECURSION = YES;
				CLANG_WARN_INT_CONVERSION = YES;
				CLANG_WARN_NON_LITERAL_NULL_CONVERSION = YES;
				CLANG_WARN_OBJC_IMPLICIT_RETAIN_SELF = YES;
				CLANG_WARN_OBJC_LITERAL_CONVERSION = YES;
				CLANG_WARN_OBJC_ROOT_CLASS = YES_ERROR;
				CLANG_WARN_RANGE_LOOP_ANALYSIS = YES;
				CLANG_WARN_STRICT_PROTOTYPES = YES;
				CLANG_WARN_SUSPICIOUS_MOVE = YES;
				CLANG_WARN_UNGUARDED_AVAILABILITY = YES_AGGRESSIVE;
				CLANG_WARN_UNREACHABLE_CODE = YES;
				CLANG_WARN__DUPLICATE_METHOD_MATCH = YES;
				COPY_PHASE_STRIP = NO;
				DEBUG_INFORMATION_FORMAT = dwarf;
				ENABLE_STRICT_OBJC_MSGSEND = YES;
				ENABLE_TESTABILITY = YES;
				GCC_C_LANGUAGE_STANDARD = gnu11;
				GCC_DYNAMIC_NO_PIC = NO;
				GCC_NO_COMMON_BLOCKS = YES;
				GCC_OPTIMIZATION_LEVEL = 0;
				GCC_PREPROCESSOR_DEFINITIONS = (
					"DEBUG=1",
					"$(inherited)",
				);
				GCC_WARN_64_TO_32_BIT_CONVERSION = YES;
				GCC_WARN_ABOUT_RETURN_TYPE = YES_ERROR;
				GCC_WARN_UNDECLARED_SELECTOR = YES;
				GCC_WARN_UNINITIALIZED_AUTOS = YES_AGGRESSIVE;
				GCC_WARN_UNUSED_FUNCTION = YES;
				GCC_WARN_UNUSED_VARIABLE = YES;
				IPHONEOS_DEPLOYMENT_TARGET = 13.2;
				MTL_ENABLE_DEBUG_INFO = INCLUDE_SOURCE;
				MTL_FAST_MATH = YES;
				ONLY_ACTIVE_ARCH = YES;
				SDKROOT = iphoneos;
				SWIFT_ACTIVE_COMPILATION_CONDITIONS = DEBUG;
				SWIFT_OPTIMIZATION_LEVEL = "-Onone";
			};
			name = Debug;
		};
		681F3B9A23F856AD00C058E5 /* Release */ = {
			isa = XCBuildConfiguration;
			buildSettings = {
				ALWAYS_SEARCH_USER_PATHS = NO;
				CLANG_ANALYZER_NONNULL = YES;
				CLANG_ANALYZER_NUMBER_OBJECT_CONVERSION = YES_AGGRESSIVE;
				CLANG_CXX_LANGUAGE_STANDARD = "gnu++14";
				CLANG_CXX_LIBRARY = "libc++";
				CLANG_ENABLE_MODULES = YES;
				CLANG_ENABLE_OBJC_ARC = YES;
				CLANG_ENABLE_OBJC_WEAK = YES;
				CLANG_WARN_BLOCK_CAPTURE_AUTORELEASING = YES;
				CLANG_WARN_BOOL_CONVERSION = YES;
				CLANG_WARN_COMMA = YES;
				CLANG_WARN_CONSTANT_CONVERSION = YES;
				CLANG_WARN_DEPRECATED_OBJC_IMPLEMENTATIONS = YES;
				CLANG_WARN_DIRECT_OBJC_ISA_USAGE = YES_ERROR;
				CLANG_WARN_DOCUMENTATION_COMMENTS = YES;
				CLANG_WARN_EMPTY_BODY = YES;
				CLANG_WARN_ENUM_CONVERSION = YES;
				CLANG_WARN_INFINITE_RECURSION = YES;
				CLANG_WARN_INT_CONVERSION = YES;
				CLANG_WARN_NON_LITERAL_NULL_CONVERSION = YES;
				CLANG_WARN_OBJC_IMPLICIT_RETAIN_SELF = YES;
				CLANG_WARN_OBJC_LITERAL_CONVERSION = YES;
				CLANG_WARN_OBJC_ROOT_CLASS = YES_ERROR;
				CLANG_WARN_RANGE_LOOP_ANALYSIS = YES;
				CLANG_WARN_STRICT_PROTOTYPES = YES;
				CLANG_WARN_SUSPICIOUS_MOVE = YES;
				CLANG_WARN_UNGUARDED_AVAILABILITY = YES_AGGRESSIVE;
				CLANG_WARN_UNREACHABLE_CODE = YES;
				CLANG_WARN__DUPLICATE_METHOD_MATCH = YES;
				COPY_PHASE_STRIP = NO;
				DEBUG_INFORMATION_FORMAT = "dwarf-with-dsym";
				ENABLE_NS_ASSERTIONS = NO;
				ENABLE_STRICT_OBJC_MSGSEND = YES;
				GCC_C_LANGUAGE_STANDARD = gnu11;
				GCC_NO_COMMON_BLOCKS = YES;
				GCC_WARN_64_TO_32_BIT_CONVERSION = YES;
				GCC_WARN_ABOUT_RETURN_TYPE = YES_ERROR;
				GCC_WARN_UNDECLARED_SELECTOR = YES;
				GCC_WARN_UNINITIALIZED_AUTOS = YES_AGGRESSIVE;
				GCC_WARN_UNUSED_FUNCTION = YES;
				GCC_WARN_UNUSED_VARIABLE = YES;
				IPHONEOS_DEPLOYMENT_TARGET = 13.2;
				MTL_ENABLE_DEBUG_INFO = NO;
				MTL_FAST_MATH = YES;
				SDKROOT = iphoneos;
				SWIFT_COMPILATION_MODE = wholemodule;
				SWIFT_OPTIMIZATION_LEVEL = "-O";
				VALIDATE_PRODUCT = YES;
			};
			name = Release;
		};
		681F3B9C23F856AD00C058E5 /* Debug */ = {
			isa = XCBuildConfiguration;
			buildSettings = {
				ASSETCATALOG_COMPILER_APPICON_NAME = AppIcon;
				CODE_SIGN_STYLE = Automatic;
				DEVELOPMENT_ASSET_PATHS = "\"InstaFilterSwiftUI/Preview Content\"";
				DEVELOPMENT_TEAM = 6G246VB5CG;
				ENABLE_PREVIEWS = YES;
				INFOPLIST_FILE = InstaFilterSwiftUI/Info.plist;
				LD_RUNPATH_SEARCH_PATHS = (
					"$(inherited)",
					"@executable_path/Frameworks",
				);
				PRODUCT_BUNDLE_IDENTIFIER = neas.lease.InstaFilterSwiftUI;
				PRODUCT_NAME = "$(TARGET_NAME)";
				SWIFT_VERSION = 5.0;
				TARGETED_DEVICE_FAMILY = "1,2";
			};
			name = Debug;
		};
		681F3B9D23F856AD00C058E5 /* Release */ = {
			isa = XCBuildConfiguration;
			buildSettings = {
				ASSETCATALOG_COMPILER_APPICON_NAME = AppIcon;
				CODE_SIGN_STYLE = Automatic;
				DEVELOPMENT_ASSET_PATHS = "\"InstaFilterSwiftUI/Preview Content\"";
				DEVELOPMENT_TEAM = 6G246VB5CG;
				ENABLE_PREVIEWS = YES;
				INFOPLIST_FILE = InstaFilterSwiftUI/Info.plist;
				LD_RUNPATH_SEARCH_PATHS = (
					"$(inherited)",
					"@executable_path/Frameworks",
				);
				PRODUCT_BUNDLE_IDENTIFIER = neas.lease.InstaFilterSwiftUI;
				PRODUCT_NAME = "$(TARGET_NAME)";
				SWIFT_VERSION = 5.0;
				TARGETED_DEVICE_FAMILY = "1,2";
			};
			name = Release;
		};
/* End XCBuildConfiguration section */

/* Begin XCConfigurationList section */
		681F3B8223F856AC00C058E5 /* Build configuration list for PBXProject "InstaFilterSwiftUI" */ = {
			isa = XCConfigurationList;
			buildConfigurations = (
				681F3B9923F856AD00C058E5 /* Debug */,
				681F3B9A23F856AD00C058E5 /* Release */,
			);
			defaultConfigurationIsVisible = 0;
			defaultConfigurationName = Release;
		};
		681F3B9B23F856AD00C058E5 /* Build configuration list for PBXNativeTarget "InstaFilterSwiftUI" */ = {
			isa = XCConfigurationList;
			buildConfigurations = (
				681F3B9C23F856AD00C058E5 /* Debug */,
				681F3B9D23F856AD00C058E5 /* Release */,
			);
			defaultConfigurationIsVisible = 0;
			defaultConfigurationName = Release;
		};
/* End XCConfigurationList section */
	};
	rootObject = 681F3B7F23F856AC00C058E5 /* Project object */;
}
