// !$*UTF8*$!
{
	archiveVersion = 1;
	classes = {
	};
	objectVersion = 50;
	objects = {

/* Begin PBXBuildFile section */
		688EDBB8238AF8C30031E5B1 /* AppDelegate.swift in Sources */ = {isa = PBXBuildFile; fileRef = 688EDBB7238AF8C30031E5B1 /* AppDelegate.swift */; };
		688EDBBA238AF8C30031E5B1 /* SceneDelegate.swift in Sources */ = {isa = PBXBuildFile; fileRef = 688EDBB9238AF8C30031E5B1 /* SceneDelegate.swift */; };
		688EDBBC238AF8C30031E5B1 /* ContentView.swift in Sources */ = {isa = PBXBuildFile; fileRef = 688EDBBB238AF8C30031E5B1 /* ContentView.swift */; };
		688EDBBE238AF8C30031E5B1 /* Assets.xcassets in Resources */ = {isa = PBXBuildFile; fileRef = 688EDBBD238AF8C30031E5B1 /* Assets.xcassets */; };
		688EDBC1238AF8C30031E5B1 /* Preview Assets.xcassets in Resources */ = {isa = PBXBuildFile; fileRef = 688EDBC0238AF8C30031E5B1 /* Preview Assets.xcassets */; };
		688EDBC4238AF8C30031E5B1 /* LaunchScreen.storyboard in Resources */ = {isa = PBXBuildFile; fileRef = 688EDBC2238AF8C30031E5B1 /* LaunchScreen.storyboard */; };
		688EDBCC238AF9E10031E5B1 /* start.txt in Resources */ = {isa = PBXBuildFile; fileRef = 688EDBCB238AF9E10031E5B1 /* start.txt */; };
/* End PBXBuildFile section */

/* Begin PBXFileReference section */
		688EDBB4238AF8C30031E5B1 /* WordScrambleSwiftUI.app */ = {isa = PBXFileReference; explicitFileType = wrapper.application; includeInIndex = 0; path = WordScrambleSwiftUI.app; sourceTree = BUILT_PRODUCTS_DIR; };
		688EDBB7238AF8C30031E5B1 /* AppDelegate.swift */ = {isa = PBXFileReference; lastKnownFileType = sourcecode.swift; path = AppDelegate.swift; sourceTree = "<group>"; };
		688EDBB9238AF8C30031E5B1 /* SceneDelegate.swift */ = {isa = PBXFileReference; lastKnownFileType = sourcecode.swift; path = SceneDelegate.swift; sourceTree = "<group>"; };
		688EDBBB238AF8C30031E5B1 /* ContentView.swift */ = {isa = PBXFileReference; lastKnownFileType = sourcecode.swift; path = ContentView.swift; sourceTree = "<group>"; };
		688EDBBD238AF8C30031E5B1 /* Assets.xcassets */ = {isa = PBXFileReference; lastKnownFileType = folder.assetcatalog; path = Assets.xcassets; sourceTree = "<group>"; };
		688EDBC0238AF8C30031E5B1 /* Preview Assets.xcassets */ = {isa = PBXFileReference; lastKnownFileType = folder.assetcatalog; path = "Preview Assets.xcassets"; sourceTree = "<group>"; };
		688EDBC3238AF8C30031E5B1 /* Base */ = {isa = PBXFileReference; lastKnownFileType = file.storyboard; name = Base; path = Base.lproj/LaunchScreen.storyboard; sourceTree = "<group>"; };
		688EDBC5238AF8C30031E5B1 /* Info.plist */ = {isa = PBXFileReference; lastKnownFileType = text.plist.xml; path = Info.plist; sourceTree = "<group>"; };
		688EDBCB238AF9E10031E5B1 /* start.txt */ = {isa = PBXFileReference; fileEncoding = 4; lastKnownFileType = text; path = start.txt; sourceTree = "<group>"; };
/* End PBXFileReference section */

/* Begin PBXFrameworksBuildPhase section */
		688EDBB1238AF8C30031E5B1 /* Frameworks */ = {
			isa = PBXFrameworksBuildPhase;
			buildActionMask = 2147483647;
			files = (
			);
			runOnlyForDeploymentPostprocessing = 0;
		};
/* End PBXFrameworksBuildPhase section */

/* Begin PBXGroup section */
		688EDBAB238AF8C30031E5B1 = {
			isa = PBXGroup;
			children = (
				688EDBB6238AF8C30031E5B1 /* WordScrambleSwiftUI */,
				688EDBB5238AF8C30031E5B1 /* Products */,
			);
			sourceTree = "<group>";
		};
		688EDBB5238AF8C30031E5B1 /* Products */ = {
			isa = PBXGroup;
			children = (
				688EDBB4238AF8C30031E5B1 /* WordScrambleSwiftUI.app */,
			);
			name = Products;
			sourceTree = "<group>";
		};
		688EDBB6238AF8C30031E5B1 /* WordScrambleSwiftUI */ = {
			isa = PBXGroup;
			children = (
				688EDBB7238AF8C30031E5B1 /* AppDelegate.swift */,
				688EDBB9238AF8C30031E5B1 /* SceneDelegate.swift */,
				688EDBBB238AF8C30031E5B1 /* ContentView.swift */,
				688EDBBD238AF8C30031E5B1 /* Assets.xcassets */,
				688EDBC2238AF8C30031E5B1 /* LaunchScreen.storyboard */,
				688EDBC5238AF8C30031E5B1 /* Info.plist */,
				688EDBCB238AF9E10031E5B1 /* start.txt */,
				688EDBBF238AF8C30031E5B1 /* Preview Content */,
			);
			path = WordScrambleSwiftUI;
			sourceTree = "<group>";
		};
		688EDBBF238AF8C30031E5B1 /* Preview Content */ = {
			isa = PBXGroup;
			children = (
				688EDBC0238AF8C30031E5B1 /* Preview Assets.xcassets */,
			);
			path = "Preview Content";
			sourceTree = "<group>";
		};
/* End PBXGroup section */

/* Begin PBXNativeTarget section */
		688EDBB3238AF8C30031E5B1 /* WordScrambleSwiftUI */ = {
			isa = PBXNativeTarget;
			buildConfigurationList = 688EDBC8238AF8C30031E5B1 /* Build configuration list for PBXNativeTarget "WordScrambleSwiftUI" */;
			buildPhases = (
				688EDBB0238AF8C30031E5B1 /* Sources */,
				688EDBB1238AF8C30031E5B1 /* Frameworks */,
				688EDBB2238AF8C30031E5B1 /* Resources */,
			);
			buildRules = (
			);
			dependencies = (
			);
			name = WordScrambleSwiftUI;
			productName = WordScrambleSwiftUI;
			productReference = 688EDBB4238AF8C30031E5B1 /* WordScrambleSwiftUI.app */;
			productType = "com.apple.product-type.application";
		};
/* End PBXNativeTarget section */

/* Begin PBXProject section */
		688EDBAC238AF8C30031E5B1 /* Project object */ = {
			isa = PBXProject;
			attributes = {
				LastSwiftUpdateCheck = 1120;
				LastUpgradeCheck = 1120;
				ORGANIZATIONNAME = "Neas Lease";
				TargetAttributes = {
					688EDBB3238AF8C30031E5B1 = {
						CreatedOnToolsVersion = 11.2.1;
					};
				};
			};
			buildConfigurationList = 688EDBAF238AF8C30031E5B1 /* Build configuration list for PBXProject "WordScrambleSwiftUI" */;
			compatibilityVersion = "Xcode 9.3";
			developmentRegion = en;
			hasScannedForEncodings = 0;
			knownRegions = (
				en,
				Base,
			);
			mainGroup = 688EDBAB238AF8C30031E5B1;
			productRefGroup = 688EDBB5238AF8C30031E5B1 /* Products */;
			projectDirPath = "";
			projectRoot = "";
			targets = (
				688EDBB3238AF8C30031E5B1 /* WordScrambleSwiftUI */,
			);
		};
/* End PBXProject section */

/* Begin PBXResourcesBuildPhase section */
		688EDBB2238AF8C30031E5B1 /* Resources */ = {
			isa = PBXResourcesBuildPhase;
			buildActionMask = 2147483647;
			files = (
				688EDBC4238AF8C30031E5B1 /* LaunchScreen.storyboard in Resources */,
				688EDBCC238AF9E10031E5B1 /* start.txt in Resources */,
				688EDBC1238AF8C30031E5B1 /* Preview Assets.xcassets in Resources */,
				688EDBBE238AF8C30031E5B1 /* Assets.xcassets in Resources */,
			);
			runOnlyForDeploymentPostprocessing = 0;
		};
/* End PBXResourcesBuildPhase section */

/* Begin PBXSourcesBuildPhase section */
		688EDBB0238AF8C30031E5B1 /* Sources */ = {
			isa = PBXSourcesBuildPhase;
			buildActionMask = 2147483647;
			files = (
				688EDBB8238AF8C30031E5B1 /* AppDelegate.swift in Sources */,
				688EDBBA238AF8C30031E5B1 /* SceneDelegate.swift in Sources */,
				688EDBBC238AF8C30031E5B1 /* ContentView.swift in Sources */,
			);
			runOnlyForDeploymentPostprocessing = 0;
		};
/* End PBXSourcesBuildPhase section */

/* Begin PBXVariantGroup section */
		688EDBC2238AF8C30031E5B1 /* LaunchScreen.storyboard */ = {
			isa = PBXVariantGroup;
			children = (
				688EDBC3238AF8C30031E5B1 /* Base */,
			);
			name = LaunchScreen.storyboard;
			sourceTree = "<group>";
		};
/* End PBXVariantGroup section */

/* Begin XCBuildConfiguration section */
		688EDBC6238AF8C30031E5B1 /* Debug */ = {
			isa = XCBuildConfiguration;
			buildSettings = {
				ALWAYS_SEARCH_USER_PATHS = NO;
				CLANG_ANALYZER_NONNULL = YES;
				CLANG_ANALYZER_NUMBER_OBJECT_CONVERSION = YES_AGGRESSIVE;
				CLANG_CXX_LANGUAGE_STANDARD = "gnu++14";
				CLANG_CXX_LIBRARY = "libc++";
				CLANG_ENABLE_MODULES = YES;
				CLANG_ENABLE_OBJC_ARC = YES;
				CLANG_ENABLE_OBJC_WEAK = YES;
				CLANG_WARN_BLOCK_CAPTURE_AUTORELEASING = YES;
				CLANG_WARN_BOOL_CONVERSION = YES;
				CLANG_WARN_COMMA = YES;
				CLANG_WARN_CONSTANT_CONVERSION = YES;
				CLANG_WARN_DEPRECATED_OBJC_IMPLEMENTATIONS = YES;
				CLANG_WARN_DIRECT_OBJC_ISA_USAGE = YES_ERROR;
				CLANG_WARN_DOCUMENTATION_COMMENTS = YES;
				CLANG_WARN_EMPTY_BODY = YES;
				CLANG_WARN_ENUM_CONVERSION = YES;
				CLANG_WARN_INFINITE_RECURSION = YES;
				CLANG_WARN_INT_CONVERSION = YES;
				CLANG_WARN_NON_LITERAL_NULL_CONVERSION = YES;
				CLANG_WARN_OBJC_IMPLICIT_RETAIN_SELF = YES;
				CLANG_WARN_OBJC_LITERAL_CONVERSION = YES;
				CLANG_WARN_OBJC_ROOT_CLASS = YES_ERROR;
				CLANG_WARN_RANGE_LOOP_ANALYSIS = YES;
				CLANG_WARN_STRICT_PROTOTYPES = YES;
				CLANG_WARN_SUSPICIOUS_MOVE = YES;
				CLANG_WARN_UNGUARDED_AVAILABILITY = YES_AGGRESSIVE;
				CLANG_WARN_UNREACHABLE_CODE = YES;
				CLANG_WARN__DUPLICATE_METHOD_MATCH = YES;
				COPY_PHASE_STRIP = NO;
				DEBUG_INFORMATION_FORMAT = dwarf;
				ENABLE_STRICT_OBJC_MSGSEND = YES;
				ENABLE_TESTABILITY = YES;
				GCC_C_LANGUAGE_STANDARD = gnu11;
				GCC_DYNAMIC_NO_PIC = NO;
				GCC_NO_COMMON_BLOCKS = YES;
				GCC_OPTIMIZATION_LEVEL = 0;
				GCC_PREPROCESSOR_DEFINITIONS = (
					"DEBUG=1",
					"$(inherited)",
				);
				GCC_WARN_64_TO_32_BIT_CONVERSION = YES;
				GCC_WARN_ABOUT_RETURN_TYPE = YES_ERROR;
				GCC_WARN_UNDECLARED_SELECTOR = YES;
				GCC_WARN_UNINITIALIZED_AUTOS = YES_AGGRESSIVE;
				GCC_WARN_UNUSED_FUNCTION = YES;
				GCC_WARN_UNUSED_VARIABLE = YES;
				IPHONEOS_DEPLOYMENT_TARGET = 13.2;
				MTL_ENABLE_DEBUG_INFO = INCLUDE_SOURCE;
				MTL_FAST_MATH = YES;
				ONLY_ACTIVE_ARCH = YES;
				SDKROOT = iphoneos;
				SWIFT_ACTIVE_COMPILATION_CONDITIONS = DEBUG;
				SWIFT_OPTIMIZATION_LEVEL = "-Onone";
			};
			name = Debug;
		};
		688EDBC7238AF8C30031E5B1 /* Release */ = {
			isa = XCBuildConfiguration;
			buildSettings = {
				ALWAYS_SEARCH_USER_PATHS = NO;
				CLANG_ANALYZER_NONNULL = YES;
				CLANG_ANALYZER_NUMBER_OBJECT_CONVERSION = YES_AGGRESSIVE;
				CLANG_CXX_LANGUAGE_STANDARD = "gnu++14";
				CLANG_CXX_LIBRARY = "libc++";
				CLANG_ENABLE_MODULES = YES;
				CLANG_ENABLE_OBJC_ARC = YES;
				CLANG_ENABLE_OBJC_WEAK = YES;
				CLANG_WARN_BLOCK_CAPTURE_AUTORELEASING = YES;
				CLANG_WARN_BOOL_CONVERSION = YES;
				CLANG_WARN_COMMA = YES;
				CLANG_WARN_CONSTANT_CONVERSION = YES;
				CLANG_WARN_DEPRECATED_OBJC_IMPLEMENTATIONS = YES;
				CLANG_WARN_DIRECT_OBJC_ISA_USAGE = YES_ERROR;
				CLANG_WARN_DOCUMENTATION_COMMENTS = YES;
				CLANG_WARN_EMPTY_BODY = YES;
				CLANG_WARN_ENUM_CONVERSION = YES;
				CLANG_WARN_INFINITE_RECURSION = YES;
				CLANG_WARN_INT_CONVERSION = YES;
				CLANG_WARN_NON_LITERAL_NULL_CONVERSION = YES;
				CLANG_WARN_OBJC_IMPLICIT_RETAIN_SELF = YES;
				CLANG_WARN_OBJC_LITERAL_CONVERSION = YES;
				CLANG_WARN_OBJC_ROOT_CLASS = YES_ERROR;
				CLANG_WARN_RANGE_LOOP_ANALYSIS = YES;
				CLANG_WARN_STRICT_PROTOTYPES = YES;
				CLANG_WARN_SUSPICIOUS_MOVE = YES;
				CLANG_WARN_UNGUARDED_AVAILABILITY = YES_AGGRESSIVE;
				CLANG_WARN_UNREACHABLE_CODE = YES;
				CLANG_WARN__DUPLICATE_METHOD_MATCH = YES;
				COPY_PHASE_STRIP = NO;
				DEBUG_INFORMATION_FORMAT = "dwarf-with-dsym";
				ENABLE_NS_ASSERTIONS = NO;
				ENABLE_STRICT_OBJC_MSGSEND = YES;
				GCC_C_LANGUAGE_STANDARD = gnu11;
				GCC_NO_COMMON_BLOCKS = YES;
				GCC_WARN_64_TO_32_BIT_CONVERSION = YES;
				GCC_WARN_ABOUT_RETURN_TYPE = YES_ERROR;
				GCC_WARN_UNDECLARED_SELECTOR = YES;
				GCC_WARN_UNINITIALIZED_AUTOS = YES_AGGRESSIVE;
				GCC_WARN_UNUSED_FUNCTION = YES;
				GCC_WARN_UNUSED_VARIABLE = YES;
				IPHONEOS_DEPLOYMENT_TARGET = 13.2;
				MTL_ENABLE_DEBUG_INFO = NO;
				MTL_FAST_MATH = YES;
				SDKROOT = iphoneos;
				SWIFT_COMPILATION_MODE = wholemodule;
				SWIFT_OPTIMIZATION_LEVEL = "-O";
				VALIDATE_PRODUCT = YES;
			};
			name = Release;
		};
		688EDBC9238AF8C30031E5B1 /* Debug */ = {
			isa = XCBuildConfiguration;
			buildSettings = {
				ASSETCATALOG_COMPILER_APPICON_NAME = AppIcon;
				CODE_SIGN_STYLE = Automatic;
				DEVELOPMENT_ASSET_PATHS = "\"WordScrambleSwiftUI/Preview Content\"";
				DEVELOPMENT_TEAM = 6G246VB5CG;
				ENABLE_PREVIEWS = YES;
				INFOPLIST_FILE = WordScrambleSwiftUI/Info.plist;
				LD_RUNPATH_SEARCH_PATHS = (
					"$(inherited)",
					"@executable_path/Frameworks",
				);
				PRODUCT_BUNDLE_IDENTIFIER = neas.lease.WordScrambleSwiftUI;
				PRODUCT_NAME = "$(TARGET_NAME)";
				SWIFT_VERSION = 5.0;
				TARGETED_DEVICE_FAMILY = "1,2";
			};
			name = Debug;
		};
		688EDBCA238AF8C30031E5B1 /* Release */ = {
			isa = XCBuildConfiguration;
			buildSettings = {
				ASSETCATALOG_COMPILER_APPICON_NAME = AppIcon;
				CODE_SIGN_STYLE = Automatic;
				DEVELOPMENT_ASSET_PATHS = "\"WordScrambleSwiftUI/Preview Content\"";
				DEVELOPMENT_TEAM = 6G246VB5CG;
				ENABLE_PREVIEWS = YES;
				INFOPLIST_FILE = WordScrambleSwiftUI/Info.plist;
				LD_RUNPATH_SEARCH_PATHS = (
					"$(inherited)",
					"@executable_path/Frameworks",
				);
				PRODUCT_BUNDLE_IDENTIFIER = neas.lease.WordScrambleSwiftUI;
				PRODUCT_NAME = "$(TARGET_NAME)";
				SWIFT_VERSION = 5.0;
				TARGETED_DEVICE_FAMILY = "1,2";
			};
			name = Release;
		};
/* End XCBuildConfiguration section */

/* Begin XCConfigurationList section */
		688EDBAF238AF8C30031E5B1 /* Build configuration list for PBXProject "WordScrambleSwiftUI" */ = {
			isa = XCConfigurationList;
			buildConfigurations = (
				688EDBC6238AF8C30031E5B1 /* Debug */,
				688EDBC7238AF8C30031E5B1 /* Release */,
			);
			defaultConfigurationIsVisible = 0;
			defaultConfigurationName = Release;
		};
		688EDBC8238AF8C30031E5B1 /* Build configuration list for PBXNativeTarget "WordScrambleSwiftUI" */ = {
			isa = XCConfigurationList;
			buildConfigurations = (
				688EDBC9238AF8C30031E5B1 /* Debug */,
				688EDBCA238AF8C30031E5B1 /* Release */,
			);
			defaultConfigurationIsVisible = 0;
			defaultConfigurationName = Release;
		};
/* End XCConfigurationList section */
	};
	rootObject = 688EDBAC238AF8C30031E5B1 /* Project object */;
}
