// !$*UTF8*$!
{
	archiveVersion = 1;
	classes = {
	};
	objectVersion = 50;
	objects = {

/* Begin PBXBuildFile section */
		681F3B4423F77ECA00C058E5 /* DetailView.swift in Sources */ = {isa = PBXBuildFile; fileRef = 681F3B4323F77ECA00C058E5 /* DetailView.swift */; };
		68FC2D8123F7716D00AA6FD1 /* AppDelegate.swift in Sources */ = {isa = PBXBuildFile; fileRef = 68FC2D8023F7716D00AA6FD1 /* AppDelegate.swift */; };
		68FC2D8323F7716D00AA6FD1 /* SceneDelegate.swift in Sources */ = {isa = PBXBuildFile; fileRef = 68FC2D8223F7716D00AA6FD1 /* SceneDelegate.swift */; };
		68FC2D8623F7716D00AA6FD1 /* Bookworm.xcdatamodeld in Sources */ = {isa = PBXBuildFile; fileRef = 68FC2D8423F7716D00AA6FD1 /* Bookworm.xcdatamodeld */; };
		68FC2D8823F7716D00AA6FD1 /* ContentView.swift in Sources */ = {isa = PBXBuildFile; fileRef = 68FC2D8723F7716D00AA6FD1 /* ContentView.swift */; };
		68FC2D8A23F7716E00AA6FD1 /* Assets.xcassets in Resources */ = {isa = PBXBuildFile; fileRef = 68FC2D8923F7716E00AA6FD1 /* Assets.xcassets */; };
		68FC2D8D23F7716E00AA6FD1 /* Preview Assets.xcassets in Resources */ = {isa = PBXBuildFile; fileRef = 68FC2D8C23F7716E00AA6FD1 /* Preview Assets.xcassets */; };
		68FC2D9023F7716E00AA6FD1 /* LaunchScreen.storyboard in Resources */ = {isa = PBXBuildFile; fileRef = 68FC2D8E23F7716E00AA6FD1 /* LaunchScreen.storyboard */; };
		68FC2D9823F772F800AA6FD1 /* PushButton.swift in Sources */ = {isa = PBXBuildFile; fileRef = 68FC2D9723F772F800AA6FD1 /* PushButton.swift */; };
		68FC2D9A23F7776000AA6FD1 /* AddBookView.swift in Sources */ = {isa = PBXBuildFile; fileRef = 68FC2D9923F7776000AA6FD1 /* AddBookView.swift */; };
		68FC2D9C23F77A5D00AA6FD1 /* StarRating.swift in Sources */ = {isa = PBXBuildFile; fileRef = 68FC2D9B23F77A5D00AA6FD1 /* StarRating.swift */; };
		68FC2D9E23F77CE700AA6FD1 /* EmojiRatings.swift in Sources */ = {isa = PBXBuildFile; fileRef = 68FC2D9D23F77CE700AA6FD1 /* EmojiRatings.swift */; };
/* End PBXBuildFile section */

/* Begin PBXFileReference section */
		681F3B4323F77ECA00C058E5 /* DetailView.swift */ = {isa = PBXFileReference; lastKnownFileType = sourcecode.swift; path = DetailView.swift; sourceTree = "<group>"; };
		68FC2D7D23F7716D00AA6FD1 /* Bookworm.app */ = {isa = PBXFileReference; explicitFileType = wrapper.application; includeInIndex = 0; path = Bookworm.app; sourceTree = BUILT_PRODUCTS_DIR; };
		68FC2D8023F7716D00AA6FD1 /* AppDelegate.swift */ = {isa = PBXFileReference; lastKnownFileType = sourcecode.swift; path = AppDelegate.swift; sourceTree = "<group>"; };
		68FC2D8223F7716D00AA6FD1 /* SceneDelegate.swift */ = {isa = PBXFileReference; lastKnownFileType = sourcecode.swift; path = SceneDelegate.swift; sourceTree = "<group>"; };
		68FC2D8523F7716D00AA6FD1 /* Bookworm.xcdatamodel */ = {isa = PBXFileReference; lastKnownFileType = wrapper.xcdatamodel; path = Bookworm.xcdatamodel; sourceTree = "<group>"; };
		68FC2D8723F7716D00AA6FD1 /* ContentView.swift */ = {isa = PBXFileReference; lastKnownFileType = sourcecode.swift; path = ContentView.swift; sourceTree = "<group>"; };
		68FC2D8923F7716E00AA6FD1 /* Assets.xcassets */ = {isa = PBXFileReference; lastKnownFileType = folder.assetcatalog; path = Assets.xcassets; sourceTree = "<group>"; };
		68FC2D8C23F7716E00AA6FD1 /* Preview Assets.xcassets */ = {isa = PBXFileReference; lastKnownFileType = folder.assetcatalog; path = "Preview Assets.xcassets"; sourceTree = "<group>"; };
		68FC2D8F23F7716E00AA6FD1 /* Base */ = {isa = PBXFileReference; lastKnownFileType = file.storyboard; name = Base; path = Base.lproj/LaunchScreen.storyboard; sourceTree = "<group>"; };
		68FC2D9123F7716E00AA6FD1 /* Info.plist */ = {isa = PBXFileReference; lastKnownFileType = text.plist.xml; path = Info.plist; sourceTree = "<group>"; };
		68FC2D9723F772F800AA6FD1 /* PushButton.swift */ = {isa = PBXFileReference; lastKnownFileType = sourcecode.swift; path = PushButton.swift; sourceTree = "<group>"; };
		68FC2D9923F7776000AA6FD1 /* AddBookView.swift */ = {isa = PBXFileReference; lastKnownFileType = sourcecode.swift; path = AddBookView.swift; sourceTree = "<group>"; };
		68FC2D9B23F77A5D00AA6FD1 /* StarRating.swift */ = {isa = PBXFileReference; lastKnownFileType = sourcecode.swift; path = StarRating.swift; sourceTree = "<group>"; };
		68FC2D9D23F77CE700AA6FD1 /* EmojiRatings.swift */ = {isa = PBXFileReference; lastKnownFileType = sourcecode.swift; path = EmojiRatings.swift; sourceTree = "<group>"; };
/* End PBXFileReference section */

/* Begin PBXFrameworksBuildPhase section */
		68FC2D7A23F7716D00AA6FD1 /* Frameworks */ = {
			isa = PBXFrameworksBuildPhase;
			buildActionMask = 2147483647;
			files = (
			);
			runOnlyForDeploymentPostprocessing = 0;
		};
/* End PBXFrameworksBuildPhase section */

/* Begin PBXGroup section */
		68FC2D7423F7716D00AA6FD1 = {
			isa = PBXGroup;
			children = (
				68FC2D7F23F7716D00AA6FD1 /* Bookworm */,
				68FC2D7E23F7716D00AA6FD1 /* Products */,
			);
			sourceTree = "<group>";
		};
		68FC2D7E23F7716D00AA6FD1 /* Products */ = {
			isa = PBXGroup;
			children = (
				68FC2D7D23F7716D00AA6FD1 /* Bookworm.app */,
			);
			name = Products;
			sourceTree = "<group>";
		};
		68FC2D7F23F7716D00AA6FD1 /* Bookworm */ = {
			isa = PBXGroup;
			children = (
				68FC2D8023F7716D00AA6FD1 /* AppDelegate.swift */,
				68FC2D9923F7776000AA6FD1 /* AddBookView.swift */,
				68FC2D9B23F77A5D00AA6FD1 /* StarRating.swift */,
				68FC2D8223F7716D00AA6FD1 /* SceneDelegate.swift */,
				68FC2D8723F7716D00AA6FD1 /* ContentView.swift */,
				681F3B4323F77ECA00C058E5 /* DetailView.swift */,
				68FC2D9D23F77CE700AA6FD1 /* EmojiRatings.swift */,
				68FC2D9723F772F800AA6FD1 /* PushButton.swift */,
				68FC2D8923F7716E00AA6FD1 /* Assets.xcassets */,
				68FC2D8E23F7716E00AA6FD1 /* LaunchScreen.storyboard */,
				68FC2D9123F7716E00AA6FD1 /* Info.plist */,
				68FC2D8423F7716D00AA6FD1 /* Bookworm.xcdatamodeld */,
				68FC2D8B23F7716E00AA6FD1 /* Preview Content */,
			);
			path = Bookworm;
			sourceTree = "<group>";
		};
		68FC2D8B23F7716E00AA6FD1 /* Preview Content */ = {
			isa = PBXGroup;
			children = (
				68FC2D8C23F7716E00AA6FD1 /* Preview Assets.xcassets */,
			);
			path = "Preview Content";
			sourceTree = "<group>";
		};
/* End PBXGroup section */

/* Begin PBXNativeTarget section */
		68FC2D7C23F7716D00AA6FD1 /* Bookworm */ = {
			isa = PBXNativeTarget;
			buildConfigurationList = 68FC2D9423F7716E00AA6FD1 /* Build configuration list for PBXNativeTarget "Bookworm" */;
			buildPhases = (
				68FC2D7923F7716D00AA6FD1 /* Sources */,
				68FC2D7A23F7716D00AA6FD1 /* Frameworks */,
				68FC2D7B23F7716D00AA6FD1 /* Resources */,
			);
			buildRules = (
			);
			dependencies = (
			);
			name = Bookworm;
			productName = Bookworm;
			productReference = 68FC2D7D23F7716D00AA6FD1 /* Bookworm.app */;
			productType = "com.apple.product-type.application";
		};
/* End PBXNativeTarget section */

/* Begin PBXProject section */
		68FC2D7523F7716D00AA6FD1 /* Project object */ = {
			isa = PBXProject;
			attributes = {
				LastSwiftUpdateCheck = 1130;
				LastUpgradeCheck = 1130;
				ORGANIZATIONNAME = "Neas Lease";
				TargetAttributes = {
					68FC2D7C23F7716D00AA6FD1 = {
						CreatedOnToolsVersion = 11.3.1;
					};
				};
			};
			buildConfigurationList = 68FC2D7823F7716D00AA6FD1 /* Build configuration list for PBXProject "Bookworm" */;
			compatibilityVersion = "Xcode 9.3";
			developmentRegion = en;
			hasScannedForEncodings = 0;
			knownRegions = (
				en,
				Base,
			);
			mainGroup = 68FC2D7423F7716D00AA6FD1;
			productRefGroup = 68FC2D7E23F7716D00AA6FD1 /* Products */;
			projectDirPath = "";
			projectRoot = "";
			targets = (
				68FC2D7C23F7716D00AA6FD1 /* Bookworm */,
			);
		};
/* End PBXProject section */

/* Begin PBXResourcesBuildPhase section */
		68FC2D7B23F7716D00AA6FD1 /* Resources */ = {
			isa = PBXResourcesBuildPhase;
			buildActionMask = 2147483647;
			files = (
				68FC2D9023F7716E00AA6FD1 /* LaunchScreen.storyboard in Resources */,
				68FC2D8D23F7716E00AA6FD1 /* Preview Assets.xcassets in Resources */,
				68FC2D8A23F7716E00AA6FD1 /* Assets.xcassets in Resources */,
			);
			runOnlyForDeploymentPostprocessing = 0;
		};
/* End PBXResourcesBuildPhase section */

/* Begin PBXSourcesBuildPhase section */
		68FC2D7923F7716D00AA6FD1 /* Sources */ = {
			isa = PBXSourcesBuildPhase;
			buildActionMask = 2147483647;
			files = (
				68FC2D9C23F77A5D00AA6FD1 /* StarRating.swift in Sources */,
				681F3B4423F77ECA00C058E5 /* DetailView.swift in Sources */,
				68FC2D9E23F77CE700AA6FD1 /* EmojiRatings.swift in Sources */,
				68FC2D8123F7716D00AA6FD1 /* AppDelegate.swift in Sources */,
				68FC2D9A23F7776000AA6FD1 /* AddBookView.swift in Sources */,
				68FC2D9823F772F800AA6FD1 /* PushButton.swift in Sources */,
				68FC2D8623F7716D00AA6FD1 /* Bookworm.xcdatamodeld in Sources */,
				68FC2D8823F7716D00AA6FD1 /* ContentView.swift in Sources */,
				68FC2D8323F7716D00AA6FD1 /* SceneDelegate.swift in Sources */,
			);
			runOnlyForDeploymentPostprocessing = 0;
		};
/* End PBXSourcesBuildPhase section */

/* Begin PBXVariantGroup section */
		68FC2D8E23F7716E00AA6FD1 /* LaunchScreen.storyboard */ = {
			isa = PBXVariantGroup;
			children = (
				68FC2D8F23F7716E00AA6FD1 /* Base */,
			);
			name = LaunchScreen.storyboard;
			sourceTree = "<group>";
		};
/* End PBXVariantGroup section */

/* Begin XCBuildConfiguration section */
		68FC2D9223F7716E00AA6FD1 /* Debug */ = {
			isa = XCBuildConfiguration;
			buildSettings = {
				ALWAYS_SEARCH_USER_PATHS = NO;
				CLANG_ANALYZER_NONNULL = YES;
				CLANG_ANALYZER_NUMBER_OBJECT_CONVERSION = YES_AGGRESSIVE;
				CLANG_CXX_LANGUAGE_STANDARD = "gnu++14";
				CLANG_CXX_LIBRARY = "libc++";
				CLANG_ENABLE_MODULES = YES;
				CLANG_ENABLE_OBJC_ARC = YES;
				CLANG_ENABLE_OBJC_WEAK = YES;
				CLANG_WARN_BLOCK_CAPTURE_AUTORELEASING = YES;
				CLANG_WARN_BOOL_CONVERSION = YES;
				CLANG_WARN_COMMA = YES;
				CLANG_WARN_CONSTANT_CONVERSION = YES;
				CLANG_WARN_DEPRECATED_OBJC_IMPLEMENTATIONS = YES;
				CLANG_WARN_DIRECT_OBJC_ISA_USAGE = YES_ERROR;
				CLANG_WARN_DOCUMENTATION_COMMENTS = YES;
				CLANG_WARN_EMPTY_BODY = YES;
				CLANG_WARN_ENUM_CONVERSION = YES;
				CLANG_WARN_INFINITE_RECURSION = YES;
				CLANG_WARN_INT_CONVERSION = YES;
				CLANG_WARN_NON_LITERAL_NULL_CONVERSION = YES;
				CLANG_WARN_OBJC_IMPLICIT_RETAIN_SELF = YES;
				CLANG_WARN_OBJC_LITERAL_CONVERSION = YES;
				CLANG_WARN_OBJC_ROOT_CLASS = YES_ERROR;
				CLANG_WARN_RANGE_LOOP_ANALYSIS = YES;
				CLANG_WARN_STRICT_PROTOTYPES = YES;
				CLANG_WARN_SUSPICIOUS_MOVE = YES;
				CLANG_WARN_UNGUARDED_AVAILABILITY = YES_AGGRESSIVE;
				CLANG_WARN_UNREACHABLE_CODE = YES;
				CLANG_WARN__DUPLICATE_METHOD_MATCH = YES;
				COPY_PHASE_STRIP = NO;
				DEBUG_INFORMATION_FORMAT = dwarf;
				ENABLE_STRICT_OBJC_MSGSEND = YES;
				ENABLE_TESTABILITY = YES;
				GCC_C_LANGUAGE_STANDARD = gnu11;
				GCC_DYNAMIC_NO_PIC = NO;
				GCC_NO_COMMON_BLOCKS = YES;
				GCC_OPTIMIZATION_LEVEL = 0;
				GCC_PREPROCESSOR_DEFINITIONS = (
					"DEBUG=1",
					"$(inherited)",
				);
				GCC_WARN_64_TO_32_BIT_CONVERSION = YES;
				GCC_WARN_ABOUT_RETURN_TYPE = YES_ERROR;
				GCC_WARN_UNDECLARED_SELECTOR = YES;
				GCC_WARN_UNINITIALIZED_AUTOS = YES_AGGRESSIVE;
				GCC_WARN_UNUSED_FUNCTION = YES;
				GCC_WARN_UNUSED_VARIABLE = YES;
				IPHONEOS_DEPLOYMENT_TARGET = 13.2;
				MTL_ENABLE_DEBUG_INFO = INCLUDE_SOURCE;
				MTL_FAST_MATH = YES;
				ONLY_ACTIVE_ARCH = YES;
				SDKROOT = iphoneos;
				SWIFT_ACTIVE_COMPILATION_CONDITIONS = DEBUG;
				SWIFT_OPTIMIZATION_LEVEL = "-Onone";
			};
			name = Debug;
		};
		68FC2D9323F7716E00AA6FD1 /* Release */ = {
			isa = XCBuildConfiguration;
			buildSettings = {
				ALWAYS_SEARCH_USER_PATHS = NO;
				CLANG_ANALYZER_NONNULL = YES;
				CLANG_ANALYZER_NUMBER_OBJECT_CONVERSION = YES_AGGRESSIVE;
				CLANG_CXX_LANGUAGE_STANDARD = "gnu++14";
				CLANG_CXX_LIBRARY = "libc++";
				CLANG_ENABLE_MODULES = YES;
				CLANG_ENABLE_OBJC_ARC = YES;
				CLANG_ENABLE_OBJC_WEAK = YES;
				CLANG_WARN_BLOCK_CAPTURE_AUTORELEASING = YES;
				CLANG_WARN_BOOL_CONVERSION = YES;
				CLANG_WARN_COMMA = YES;
				CLANG_WARN_CONSTANT_CONVERSION = YES;
				CLANG_WARN_DEPRECATED_OBJC_IMPLEMENTATIONS = YES;
				CLANG_WARN_DIRECT_OBJC_ISA_USAGE = YES_ERROR;
				CLANG_WARN_DOCUMENTATION_COMMENTS = YES;
				CLANG_WARN_EMPTY_BODY = YES;
				CLANG_WARN_ENUM_CONVERSION = YES;
				CLANG_WARN_INFINITE_RECURSION = YES;
				CLANG_WARN_INT_CONVERSION = YES;
				CLANG_WARN_NON_LITERAL_NULL_CONVERSION = YES;
				CLANG_WARN_OBJC_IMPLICIT_RETAIN_SELF = YES;
				CLANG_WARN_OBJC_LITERAL_CONVERSION = YES;
				CLANG_WARN_OBJC_ROOT_CLASS = YES_ERROR;
				CLANG_WARN_RANGE_LOOP_ANALYSIS = YES;
				CLANG_WARN_STRICT_PROTOTYPES = YES;
				CLANG_WARN_SUSPICIOUS_MOVE = YES;
				CLANG_WARN_UNGUARDED_AVAILABILITY = YES_AGGRESSIVE;
				CLANG_WARN_UNREACHABLE_CODE = YES;
				CLANG_WARN__DUPLICATE_METHOD_MATCH = YES;
				COPY_PHASE_STRIP = NO;
				DEBUG_INFORMATION_FORMAT = "dwarf-with-dsym";
				ENABLE_NS_ASSERTIONS = NO;
				ENABLE_STRICT_OBJC_MSGSEND = YES;
				GCC_C_LANGUAGE_STANDARD = gnu11;
				GCC_NO_COMMON_BLOCKS = YES;
				GCC_WARN_64_TO_32_BIT_CONVERSION = YES;
				GCC_WARN_ABOUT_RETURN_TYPE = YES_ERROR;
				GCC_WARN_UNDECLARED_SELECTOR = YES;
				GCC_WARN_UNINITIALIZED_AUTOS = YES_AGGRESSIVE;
				GCC_WARN_UNUSED_FUNCTION = YES;
				GCC_WARN_UNUSED_VARIABLE = YES;
				IPHONEOS_DEPLOYMENT_TARGET = 13.2;
				MTL_ENABLE_DEBUG_INFO = NO;
				MTL_FAST_MATH = YES;
				SDKROOT = iphoneos;
				SWIFT_COMPILATION_MODE = wholemodule;
				SWIFT_OPTIMIZATION_LEVEL = "-O";
				VALIDATE_PRODUCT = YES;
			};
			name = Release;
		};
		68FC2D9523F7716E00AA6FD1 /* Debug */ = {
			isa = XCBuildConfiguration;
			buildSettings = {
				ASSETCATALOG_COMPILER_APPICON_NAME = AppIcon;
				CODE_SIGN_STYLE = Automatic;
				DEVELOPMENT_ASSET_PATHS = "\"Bookworm/Preview Content\"";
				DEVELOPMENT_TEAM = 6G246VB5CG;
				ENABLE_PREVIEWS = YES;
				INFOPLIST_FILE = Bookworm/Info.plist;
				LD_RUNPATH_SEARCH_PATHS = (
					"$(inherited)",
					"@executable_path/Frameworks",
				);
				PRODUCT_BUNDLE_IDENTIFIER = neas.lease.Bookworm;
				PRODUCT_NAME = "$(TARGET_NAME)";
				SWIFT_VERSION = 5.0;
				TARGETED_DEVICE_FAMILY = "1,2";
			};
			name = Debug;
		};
		68FC2D9623F7716E00AA6FD1 /* Release */ = {
			isa = XCBuildConfiguration;
			buildSettings = {
				ASSETCATALOG_COMPILER_APPICON_NAME = AppIcon;
				CODE_SIGN_STYLE = Automatic;
				DEVELOPMENT_ASSET_PATHS = "\"Bookworm/Preview Content\"";
				DEVELOPMENT_TEAM = 6G246VB5CG;
				ENABLE_PREVIEWS = YES;
				INFOPLIST_FILE = Bookworm/Info.plist;
				LD_RUNPATH_SEARCH_PATHS = (
					"$(inherited)",
					"@executable_path/Frameworks",
				);
				PRODUCT_BUNDLE_IDENTIFIER = neas.lease.Bookworm;
				PRODUCT_NAME = "$(TARGET_NAME)";
				SWIFT_VERSION = 5.0;
				TARGETED_DEVICE_FAMILY = "1,2";
			};
			name = Release;
		};
/* End XCBuildConfiguration section */

/* Begin XCConfigurationList section */
		68FC2D7823F7716D00AA6FD1 /* Build configuration list for PBXProject "Bookworm" */ = {
			isa = XCConfigurationList;
			buildConfigurations = (
				68FC2D9223F7716E00AA6FD1 /* Debug */,
				68FC2D9323F7716E00AA6FD1 /* Release */,
			);
			defaultConfigurationIsVisible = 0;
			defaultConfigurationName = Release;
		};
		68FC2D9423F7716E00AA6FD1 /* Build configuration list for PBXNativeTarget "Bookworm" */ = {
			isa = XCConfigurationList;
			buildConfigurations = (
				68FC2D9523F7716E00AA6FD1 /* Debug */,
				68FC2D9623F7716E00AA6FD1 /* Release */,
			);
			defaultConfigurationIsVisible = 0;
			defaultConfigurationName = Release;
		};
/* End XCConfigurationList section */

/* Begin XCVersionGroup section */
		68FC2D8423F7716D00AA6FD1 /* Bookworm.xcdatamodeld */ = {
			isa = XCVersionGroup;
			children = (
				68FC2D8523F7716D00AA6FD1 /* Bookworm.xcdatamodel */,
			);
			currentVersion = 68FC2D8523F7716D00AA6FD1 /* Bookworm.xcdatamodel */;
			path = Bookworm.xcdatamodeld;
			sourceTree = "<group>";
			versionGroupType = wrapper.xcdatamodel;
		};
/* End XCVersionGroup section */
	};
	rootObject = 68FC2D7523F7716D00AA6FD1 /* Project object */;
}
