// !$*UTF8*$!
{
	archiveVersion = 1;
	classes = {
	};
	objectVersion = 50;
	objects = {

/* Begin PBXBuildFile section */
		68C8687A2374E58B00DA7256 /* AppDelegate.swift in Sources */ = {isa = PBXBuildFile; fileRef = 68C868792374E58B00DA7256 /* AppDelegate.swift */; };
		68C8687C2374E58B00DA7256 /* GameScene.sks in Resources */ = {isa = PBXBuildFile; fileRef = 68C8687B2374E58B00DA7256 /* GameScene.sks */; };
		68C868802374E58B00DA7256 /* GameScene.swift in Sources */ = {isa = PBXBuildFile; fileRef = 68C8687F2374E58B00DA7256 /* GameScene.swift */; };
		68C868822374E58B00DA7256 /* GameViewController.swift in Sources */ = {isa = PBXBuildFile; fileRef = 68C868812374E58B00DA7256 /* GameViewController.swift */; };
		68C868852374E58B00DA7256 /* Main.storyboard in Resources */ = {isa = PBXBuildFile; fileRef = 68C868832374E58B00DA7256 /* Main.storyboard */; };
		68C868872374E58C00DA7256 /* Assets.xcassets in Resources */ = {isa = PBXBuildFile; fileRef = 68C868862374E58C00DA7256 /* Assets.xcassets */; };
		68C8688A2374E58C00DA7256 /* LaunchScreen.storyboard in Resources */ = {isa = PBXBuildFile; fileRef = 68C868882374E58C00DA7256 /* LaunchScreen.storyboard */; };
		68C868922374E61200DA7256 /* level1.txt in Resources */ = {isa = PBXBuildFile; fileRef = 68C868912374E61200DA7256 /* level1.txt */; };
/* End PBXBuildFile section */

/* Begin PBXFileReference section */
		68C868762374E58B00DA7256 /* Marble Maze.app */ = {isa = PBXFileReference; explicitFileType = wrapper.application; includeInIndex = 0; path = "Marble Maze.app"; sourceTree = BUILT_PRODUCTS_DIR; };
		68C868792374E58B00DA7256 /* AppDelegate.swift */ = {isa = PBXFileReference; lastKnownFileType = sourcecode.swift; path = AppDelegate.swift; sourceTree = "<group>"; };
		68C8687B2374E58B00DA7256 /* GameScene.sks */ = {isa = PBXFileReference; lastKnownFileType = file.sks; path = GameScene.sks; sourceTree = "<group>"; };
		68C8687F2374E58B00DA7256 /* GameScene.swift */ = {isa = PBXFileReference; lastKnownFileType = sourcecode.swift; path = GameScene.swift; sourceTree = "<group>"; };
		68C868812374E58B00DA7256 /* GameViewController.swift */ = {isa = PBXFileReference; lastKnownFileType = sourcecode.swift; path = GameViewController.swift; sourceTree = "<group>"; };
		68C868842374E58B00DA7256 /* Base */ = {isa = PBXFileReference; lastKnownFileType = file.storyboard; name = Base; path = Base.lproj/Main.storyboard; sourceTree = "<group>"; };
		68C868862374E58C00DA7256 /* Assets.xcassets */ = {isa = PBXFileReference; lastKnownFileType = folder.assetcatalog; path = Assets.xcassets; sourceTree = "<group>"; };
		68C868892374E58C00DA7256 /* Base */ = {isa = PBXFileReference; lastKnownFileType = file.storyboard; name = Base; path = Base.lproj/LaunchScreen.storyboard; sourceTree = "<group>"; };
		68C8688B2374E58C00DA7256 /* Info.plist */ = {isa = PBXFileReference; lastKnownFileType = text.plist.xml; path = Info.plist; sourceTree = "<group>"; };
		68C868912374E61200DA7256 /* level1.txt */ = {isa = PBXFileReference; fileEncoding = 4; lastKnownFileType = text; path = level1.txt; sourceTree = "<group>"; };
/* End PBXFileReference section */

/* Begin PBXFrameworksBuildPhase section */
		68C868732374E58B00DA7256 /* Frameworks */ = {
			isa = PBXFrameworksBuildPhase;
			buildActionMask = 2147483647;
			files = (
			);
			runOnlyForDeploymentPostprocessing = 0;
		};
/* End PBXFrameworksBuildPhase section */

/* Begin PBXGroup section */
		68C8686D2374E58B00DA7256 = {
			isa = PBXGroup;
			children = (
				68C868782374E58B00DA7256 /* Marble Maze */,
				68C868772374E58B00DA7256 /* Products */,
			);
			sourceTree = "<group>";
		};
		68C868772374E58B00DA7256 /* Products */ = {
			isa = PBXGroup;
			children = (
				68C868762374E58B00DA7256 /* Marble Maze.app */,
			);
			name = Products;
			sourceTree = "<group>";
		};
		68C868782374E58B00DA7256 /* Marble Maze */ = {
			isa = PBXGroup;
			children = (
				68C868792374E58B00DA7256 /* AppDelegate.swift */,
				68C8687B2374E58B00DA7256 /* GameScene.sks */,
				68C8687F2374E58B00DA7256 /* GameScene.swift */,
				68C868812374E58B00DA7256 /* GameViewController.swift */,
				68C868832374E58B00DA7256 /* Main.storyboard */,
				68C868862374E58C00DA7256 /* Assets.xcassets */,
				68C868882374E58C00DA7256 /* LaunchScreen.storyboard */,
				68C8688B2374E58C00DA7256 /* Info.plist */,
				68C868912374E61200DA7256 /* level1.txt */,
			);
			path = "Marble Maze";
			sourceTree = "<group>";
		};
/* End PBXGroup section */

/* Begin PBXNativeTarget section */
		68C868752374E58B00DA7256 /* Marble Maze */ = {
			isa = PBXNativeTarget;
			buildConfigurationList = 68C8688E2374E58C00DA7256 /* Build configuration list for PBXNativeTarget "Marble Maze" */;
			buildPhases = (
				68C868722374E58B00DA7256 /* Sources */,
				68C868732374E58B00DA7256 /* Frameworks */,
				68C868742374E58B00DA7256 /* Resources */,
			);
			buildRules = (
			);
			dependencies = (
			);
			name = "Marble Maze";
			productName = "Marble Maze";
			productReference = 68C868762374E58B00DA7256 /* Marble Maze.app */;
			productType = "com.apple.product-type.application";
		};
/* End PBXNativeTarget section */

/* Begin PBXProject section */
		68C8686E2374E58B00DA7256 /* Project object */ = {
			isa = PBXProject;
			attributes = {
				LastSwiftUpdateCheck = 1110;
				LastUpgradeCheck = 1110;
				ORGANIZATIONNAME = "Neas Lease";
				TargetAttributes = {
					68C868752374E58B00DA7256 = {
						CreatedOnToolsVersion = 11.1;
					};
				};
			};
			buildConfigurationList = 68C868712374E58B00DA7256 /* Build configuration list for PBXProject "Marble Maze" */;
			compatibilityVersion = "Xcode 9.3";
			developmentRegion = en;
			hasScannedForEncodings = 0;
			knownRegions = (
				en,
				Base,
			);
			mainGroup = 68C8686D2374E58B00DA7256;
			productRefGroup = 68C868772374E58B00DA7256 /* Products */;
			projectDirPath = "";
			projectRoot = "";
			targets = (
				68C868752374E58B00DA7256 /* Marble Maze */,
			);
		};
/* End PBXProject section */

/* Begin PBXResourcesBuildPhase section */
		68C868742374E58B00DA7256 /* Resources */ = {
			isa = PBXResourcesBuildPhase;
			buildActionMask = 2147483647;
			files = (
				68C868922374E61200DA7256 /* level1.txt in Resources */,
				68C868852374E58B00DA7256 /* Main.storyboard in Resources */,
				68C8687C2374E58B00DA7256 /* GameScene.sks in Resources */,
				68C868872374E58C00DA7256 /* Assets.xcassets in Resources */,
				68C8688A2374E58C00DA7256 /* LaunchScreen.storyboard in Resources */,
			);
			runOnlyForDeploymentPostprocessing = 0;
		};
/* End PBXResourcesBuildPhase section */

/* Begin PBXSourcesBuildPhase section */
		68C868722374E58B00DA7256 /* Sources */ = {
			isa = PBXSourcesBuildPhase;
			buildActionMask = 2147483647;
			files = (
				68C868802374E58B00DA7256 /* GameScene.swift in Sources */,
				68C868822374E58B00DA7256 /* GameViewController.swift in Sources */,
				68C8687A2374E58B00DA7256 /* AppDelegate.swift in Sources */,
			);
			runOnlyForDeploymentPostprocessing = 0;
		};
/* End PBXSourcesBuildPhase section */

/* Begin PBXVariantGroup section */
		68C868832374E58B00DA7256 /* Main.storyboard */ = {
			isa = PBXVariantGroup;
			children = (
				68C868842374E58B00DA7256 /* Base */,
			);
			name = Main.storyboard;
			sourceTree = "<group>";
		};
		68C868882374E58C00DA7256 /* LaunchScreen.storyboard */ = {
			isa = PBXVariantGroup;
			children = (
				68C868892374E58C00DA7256 /* Base */,
			);
			name = LaunchScreen.storyboard;
			sourceTree = "<group>";
		};
/* End PBXVariantGroup section */

/* Begin XCBuildConfiguration section */
		68C8688C2374E58C00DA7256 /* Debug */ = {
			isa = XCBuildConfiguration;
			buildSettings = {
				ALWAYS_SEARCH_USER_PATHS = NO;
				CLANG_ANALYZER_NONNULL = YES;
				CLANG_ANALYZER_NUMBER_OBJECT_CONVERSION = YES_AGGRESSIVE;
				CLANG_CXX_LANGUAGE_STANDARD = "gnu++14";
				CLANG_CXX_LIBRARY = "libc++";
				CLANG_ENABLE_MODULES = YES;
				CLANG_ENABLE_OBJC_ARC = YES;
				CLANG_ENABLE_OBJC_WEAK = YES;
				CLANG_WARN_BLOCK_CAPTURE_AUTORELEASING = YES;
				CLANG_WARN_BOOL_CONVERSION = YES;
				CLANG_WARN_COMMA = YES;
				CLANG_WARN_CONSTANT_CONVERSION = YES;
				CLANG_WARN_DEPRECATED_OBJC_IMPLEMENTATIONS = YES;
				CLANG_WARN_DIRECT_OBJC_ISA_USAGE = YES_ERROR;
				CLANG_WARN_DOCUMENTATION_COMMENTS = YES;
				CLANG_WARN_EMPTY_BODY = YES;
				CLANG_WARN_ENUM_CONVERSION = YES;
				CLANG_WARN_INFINITE_RECURSION = YES;
				CLANG_WARN_INT_CONVERSION = YES;
				CLANG_WARN_NON_LITERAL_NULL_CONVERSION = YES;
				CLANG_WARN_OBJC_IMPLICIT_RETAIN_SELF = YES;
				CLANG_WARN_OBJC_LITERAL_CONVERSION = YES;
				CLANG_WARN_OBJC_ROOT_CLASS = YES_ERROR;
				CLANG_WARN_RANGE_LOOP_ANALYSIS = YES;
				CLANG_WARN_STRICT_PROTOTYPES = YES;
				CLANG_WARN_SUSPICIOUS_MOVE = YES;
				CLANG_WARN_UNGUARDED_AVAILABILITY = YES_AGGRESSIVE;
				CLANG_WARN_UNREACHABLE_CODE = YES;
				CLANG_WARN__DUPLICATE_METHOD_MATCH = YES;
				COPY_PHASE_STRIP = NO;
				DEBUG_INFORMATION_FORMAT = dwarf;
				ENABLE_STRICT_OBJC_MSGSEND = YES;
				ENABLE_TESTABILITY = YES;
				GCC_C_LANGUAGE_STANDARD = gnu11;
				GCC_DYNAMIC_NO_PIC = NO;
				GCC_NO_COMMON_BLOCKS = YES;
				GCC_OPTIMIZATION_LEVEL = 0;
				GCC_PREPROCESSOR_DEFINITIONS = (
					"DEBUG=1",
					"$(inherited)",
				);
				GCC_WARN_64_TO_32_BIT_CONVERSION = YES;
				GCC_WARN_ABOUT_RETURN_TYPE = YES_ERROR;
				GCC_WARN_UNDECLARED_SELECTOR = YES;
				GCC_WARN_UNINITIALIZED_AUTOS = YES_AGGRESSIVE;
				GCC_WARN_UNUSED_FUNCTION = YES;
				GCC_WARN_UNUSED_VARIABLE = YES;
				IPHONEOS_DEPLOYMENT_TARGET = 13.1;
				MTL_ENABLE_DEBUG_INFO = INCLUDE_SOURCE;
				MTL_FAST_MATH = YES;
				ONLY_ACTIVE_ARCH = YES;
				SDKROOT = iphoneos;
				SWIFT_ACTIVE_COMPILATION_CONDITIONS = DEBUG;
				SWIFT_OPTIMIZATION_LEVEL = "-Onone";
			};
			name = Debug;
		};
		68C8688D2374E58C00DA7256 /* Release */ = {
			isa = XCBuildConfiguration;
			buildSettings = {
				ALWAYS_SEARCH_USER_PATHS = NO;
				CLANG_ANALYZER_NONNULL = YES;
				CLANG_ANALYZER_NUMBER_OBJECT_CONVERSION = YES_AGGRESSIVE;
				CLANG_CXX_LANGUAGE_STANDARD = "gnu++14";
				CLANG_CXX_LIBRARY = "libc++";
				CLANG_ENABLE_MODULES = YES;
				CLANG_ENABLE_OBJC_ARC = YES;
				CLANG_ENABLE_OBJC_WEAK = YES;
				CLANG_WARN_BLOCK_CAPTURE_AUTORELEASING = YES;
				CLANG_WARN_BOOL_CONVERSION = YES;
				CLANG_WARN_COMMA = YES;
				CLANG_WARN_CONSTANT_CONVERSION = YES;
				CLANG_WARN_DEPRECATED_OBJC_IMPLEMENTATIONS = YES;
				CLANG_WARN_DIRECT_OBJC_ISA_USAGE = YES_ERROR;
				CLANG_WARN_DOCUMENTATION_COMMENTS = YES;
				CLANG_WARN_EMPTY_BODY = YES;
				CLANG_WARN_ENUM_CONVERSION = YES;
				CLANG_WARN_INFINITE_RECURSION = YES;
				CLANG_WARN_INT_CONVERSION = YES;
				CLANG_WARN_NON_LITERAL_NULL_CONVERSION = YES;
				CLANG_WARN_OBJC_IMPLICIT_RETAIN_SELF = YES;
				CLANG_WARN_OBJC_LITERAL_CONVERSION = YES;
				CLANG_WARN_OBJC_ROOT_CLASS = YES_ERROR;
				CLANG_WARN_RANGE_LOOP_ANALYSIS = YES;
				CLANG_WARN_STRICT_PROTOTYPES = YES;
				CLANG_WARN_SUSPICIOUS_MOVE = YES;
				CLANG_WARN_UNGUARDED_AVAILABILITY = YES_AGGRESSIVE;
				CLANG_WARN_UNREACHABLE_CODE = YES;
				CLANG_WARN__DUPLICATE_METHOD_MATCH = YES;
				COPY_PHASE_STRIP = NO;
				DEBUG_INFORMATION_FORMAT = "dwarf-with-dsym";
				ENABLE_NS_ASSERTIONS = NO;
				ENABLE_STRICT_OBJC_MSGSEND = YES;
				GCC_C_LANGUAGE_STANDARD = gnu11;
				GCC_NO_COMMON_BLOCKS = YES;
				GCC_WARN_64_TO_32_BIT_CONVERSION = YES;
				GCC_WARN_ABOUT_RETURN_TYPE = YES_ERROR;
				GCC_WARN_UNDECLARED_SELECTOR = YES;
				GCC_WARN_UNINITIALIZED_AUTOS = YES_AGGRESSIVE;
				GCC_WARN_UNUSED_FUNCTION = YES;
				GCC_WARN_UNUSED_VARIABLE = YES;
				IPHONEOS_DEPLOYMENT_TARGET = 13.1;
				MTL_ENABLE_DEBUG_INFO = NO;
				MTL_FAST_MATH = YES;
				SDKROOT = iphoneos;
				SWIFT_COMPILATION_MODE = wholemodule;
				SWIFT_OPTIMIZATION_LEVEL = "-O";
				VALIDATE_PRODUCT = YES;
			};
			name = Release;
		};
		68C8688F2374E58C00DA7256 /* Debug */ = {
			isa = XCBuildConfiguration;
			buildSettings = {
				ASSETCATALOG_COMPILER_APPICON_NAME = AppIcon;
				CODE_SIGN_STYLE = Automatic;
				DEVELOPMENT_TEAM = 487YN8HM39;
				INFOPLIST_FILE = "Marble Maze/Info.plist";
				LD_RUNPATH_SEARCH_PATHS = (
					"$(inherited)",
					"@executable_path/Frameworks",
				);
				PRODUCT_BUNDLE_IDENTIFIER = "neas.lease.Marble-Maze";
				PRODUCT_NAME = "$(TARGET_NAME)";
				SWIFT_VERSION = 5.0;
				TARGETED_DEVICE_FAMILY = 2;
			};
			name = Debug;
		};
		68C868902374E58C00DA7256 /* Release */ = {
			isa = XCBuildConfiguration;
			buildSettings = {
				ASSETCATALOG_COMPILER_APPICON_NAME = AppIcon;
				CODE_SIGN_STYLE = Automatic;
				DEVELOPMENT_TEAM = 487YN8HM39;
				INFOPLIST_FILE = "Marble Maze/Info.plist";
				LD_RUNPATH_SEARCH_PATHS = (
					"$(inherited)",
					"@executable_path/Frameworks",
				);
				PRODUCT_BUNDLE_IDENTIFIER = "neas.lease.Marble-Maze";
				PRODUCT_NAME = "$(TARGET_NAME)";
				SWIFT_VERSION = 5.0;
				TARGETED_DEVICE_FAMILY = 2;
			};
			name = Release;
		};
/* End XCBuildConfiguration section */

/* Begin XCConfigurationList section */
		68C868712374E58B00DA7256 /* Build configuration list for PBXProject "Marble Maze" */ = {
			isa = XCConfigurationList;
			buildConfigurations = (
				68C8688C2374E58C00DA7256 /* Debug */,
				68C8688D2374E58C00DA7256 /* Release */,
			);
			defaultConfigurationIsVisible = 0;
			defaultConfigurationName = Release;
		};
		68C8688E2374E58C00DA7256 /* Build configuration list for PBXNativeTarget "Marble Maze" */ = {
			isa = XCConfigurationList;
			buildConfigurations = (
				68C8688F2374E58C00DA7256 /* Debug */,
				68C868902374E58C00DA7256 /* Release */,
			);
			defaultConfigurationIsVisible = 0;
			defaultConfigurationName = Release;
		};
/* End XCConfigurationList section */
	};
	rootObject = 68C8686E2374E58B00DA7256 /* Project object */;
}
